
Microsoft Visual Studio Solution File, Format Version 12.00
# Visual Studio Version 16
VisualStudioVersion = 16.0.30320.27
MinimumVisualStudioVersion = 10.0.40219.1
Project("{FAE04EC0-301F-11D3-BF4B-00C04F79EFBC}") = "EPA2", "EPA2\EPA2.csproj", "{3A321E13-ECC7-44D1-80E9-046D11E4766F}"
EndProject
Project("{FAE04EC0-301F-11D3-BF4B-00C04F79EFBC}") = "DataAccess", "DataAccess\DataAccess.csproj", "{CB4B0C6F-7FC8-467B-B484-4A1C55BAEBF7}"
EndProject
Project("{FAE04EC0-301F-11D3-BF4B-00C04F79EFBC}") = "EPA2.Generic.LIB", "EPA2.Generic.LIB\EPA2.Generic.LIB.csproj", "{E15990A4-BBE9-422C-B565-B13B759231FC}"
EndProject
Project("{FAE04EC0-301F-11D3-BF4B-00C04F79EFBC}") = "ClassLibrary", "ClassLibrary\ClassLibrary.csproj", "{236FBB7B-0972-4289-B642-81AB05954D08}"
EndProject
Project("{FAE04EC0-301F-11D3-BF4B-00C04F79EFBC}") = "BLL", "BLL\BLL.csproj", "{37486668-2C72-4889-A6F0-FC4346FA230E}"
EndProject
Project("{FAE04EC0-301F-11D3-BF4B-00C04F79EFBC}") = "BLLIntergrationTests", "BLLIntergrationTests\BLLIntergrationTests.csproj", "{675202DC-EF95-488B-B430-D61E228CBC3B}"
EndProject
Project("{FAE04EC0-301F-11D3-BF4B-00C04F79EFBC}") = "EPAAPI", "EPAAPI\EPAAPI.csproj", "{BDEFC391-FC9B-4B96-9264-0ABF37704530}"
EndProject
Project("{FAE04EC0-301F-11D3-BF4B-00C04F79EFBC}") = "BLL.Tests", "BLL.Tests\BLL.Tests.csproj", "{14550EF0-7C87-42E0-82BC-E62D8D1069E9}"
EndProject
Project("{00D1A9C2-B5F0-4AF3-8072-F6C62B433612}") = "SQLDatabase", "SQLDatabase\SQLDatabase.sqlproj", "{5F2A989F-D7CC-4C4C-AF09-127DD3E26CFC}"
EndProject
Project("{F14B399A-7131-4C87-9E4B-1186C45EF12D}") = "Reports", "Reports\Reports.rptproj", "{08DEFE3B-451C-449B-966C-51BFDF442A14}"
EndProject
Global
	GlobalSection(SolutionConfigurationPlatforms) = preSolution
		Debug|Any CPU = Debug|Any CPU
		DebugLocal|Any CPU = DebugLocal|Any CPU
		Release|Any CPU = Release|Any CPU
	EndGlobalSection
	GlobalSection(ProjectConfigurationPlatforms) = postSolution
		{3A321E13-ECC7-44D1-80E9-046D11E4766F}.Debug|Any CPU.ActiveCfg = Debug|Any CPU
		{3A321E13-ECC7-44D1-80E9-046D11E4766F}.Debug|Any CPU.Build.0 = Debug|Any CPU
		{3A321E13-ECC7-44D1-80E9-046D11E4766F}.DebugLocal|Any CPU.ActiveCfg = Debug|Any CPU
		{3A321E13-ECC7-44D1-80E9-046D11E4766F}.DebugLocal|Any CPU.Build.0 = Debug|Any CPU
		{3A321E13-ECC7-44D1-80E9-046D11E4766F}.Release|Any CPU.ActiveCfg = Release|Any CPU
		{3A321E13-ECC7-44D1-80E9-046D11E4766F}.Release|Any CPU.Build.0 = Release|Any CPU
		{CB4B0C6F-7FC8-467B-B484-4A1C55BAEBF7}.Debug|Any CPU.ActiveCfg = Debug|Any CPU
		{CB4B0C6F-7FC8-467B-B484-4A1C55BAEBF7}.Debug|Any CPU.Build.0 = Debug|Any CPU
		{CB4B0C6F-7FC8-467B-B484-4A1C55BAEBF7}.DebugLocal|Any CPU.ActiveCfg = Debug|Any CPU
		{CB4B0C6F-7FC8-467B-B484-4A1C55BAEBF7}.DebugLocal|Any CPU.Build.0 = Debug|Any CPU
		{CB4B0C6F-7FC8-467B-B484-4A1C55BAEBF7}.Release|Any CPU.ActiveCfg = Release|Any CPU
		{CB4B0C6F-7FC8-467B-B484-4A1C55BAEBF7}.Release|Any CPU.Build.0 = Release|Any CPU
		{E15990A4-BBE9-422C-B565-B13B759231FC}.Debug|Any CPU.ActiveCfg = Debug|Any CPU
		{E15990A4-BBE9-422C-B565-B13B759231FC}.Debug|Any CPU.Build.0 = Debug|Any CPU
		{E15990A4-BBE9-422C-B565-B13B759231FC}.DebugLocal|Any CPU.ActiveCfg = Debug|Any CPU
		{E15990A4-BBE9-422C-B565-B13B759231FC}.DebugLocal|Any CPU.Build.0 = Debug|Any CPU
		{E15990A4-BBE9-422C-B565-B13B759231FC}.Release|Any CPU.ActiveCfg = Release|Any CPU
		{E15990A4-BBE9-422C-B565-B13B759231FC}.Release|Any CPU.Build.0 = Release|Any CPU
		{236FBB7B-0972-4289-B642-81AB05954D08}.Debug|Any CPU.ActiveCfg = Debug|Any CPU
		{236FBB7B-0972-4289-B642-81AB05954D08}.Debug|Any CPU.Build.0 = Debug|Any CPU
		{236FBB7B-0972-4289-B642-81AB05954D08}.DebugLocal|Any CPU.ActiveCfg = Debug|Any CPU
		{236FBB7B-0972-4289-B642-81AB05954D08}.DebugLocal|Any CPU.Build.0 = Debug|Any CPU
		{236FBB7B-0972-4289-B642-81AB05954D08}.Release|Any CPU.ActiveCfg = Release|Any CPU
		{236FBB7B-0972-4289-B642-81AB05954D08}.Release|Any CPU.Build.0 = Release|Any CPU
		{37486668-2C72-4889-A6F0-FC4346FA230E}.Debug|Any CPU.ActiveCfg = Debug|Any CPU
		{37486668-2C72-4889-A6F0-FC4346FA230E}.Debug|Any CPU.Build.0 = Debug|Any CPU
		{37486668-2C72-4889-A6F0-FC4346FA230E}.DebugLocal|Any CPU.ActiveCfg = Debug|Any CPU
		{37486668-2C72-4889-A6F0-FC4346FA230E}.DebugLocal|Any CPU.Build.0 = Debug|Any CPU
		{37486668-2C72-4889-A6F0-FC4346FA230E}.Release|Any CPU.ActiveCfg = Release|Any CPU
		{37486668-2C72-4889-A6F0-FC4346FA230E}.Release|Any CPU.Build.0 = Release|Any CPU
		{675202DC-EF95-488B-B430-D61E228CBC3B}.Debug|Any CPU.ActiveCfg = Debug|Any CPU
		{675202DC-EF95-488B-B430-D61E228CBC3B}.Debug|Any CPU.Build.0 = Debug|Any CPU
		{675202DC-EF95-488B-B430-D61E228CBC3B}.DebugLocal|Any CPU.ActiveCfg = Debug|Any CPU
		{675202DC-EF95-488B-B430-D61E228CBC3B}.DebugLocal|Any CPU.Build.0 = Debug|Any CPU
		{675202DC-EF95-488B-B430-D61E228CBC3B}.Release|Any CPU.ActiveCfg = Release|Any CPU
		{675202DC-EF95-488B-B430-D61E228CBC3B}.Release|Any CPU.Build.0 = Release|Any CPU
		{BDEFC391-FC9B-4B96-9264-0ABF37704530}.Debug|Any CPU.ActiveCfg = Debug|Any CPU
		{BDEFC391-FC9B-4B96-9264-0ABF37704530}.Debug|Any CPU.Build.0 = Debug|Any CPU
		{BDEFC391-FC9B-4B96-9264-0ABF37704530}.DebugLocal|Any CPU.ActiveCfg = Debug|Any CPU
		{BDEFC391-FC9B-4B96-9264-0ABF37704530}.DebugLocal|Any CPU.Build.0 = Debug|Any CPU
		{BDEFC391-FC9B-4B96-9264-0ABF37704530}.Release|Any CPU.ActiveCfg = Release|Any CPU
		{BDEFC391-FC9B-4B96-9264-0ABF37704530}.Release|Any CPU.Build.0 = Release|Any CPU
		{14550EF0-7C87-42E0-82BC-E62D8D1069E9}.Debug|Any CPU.ActiveCfg = Debug|Any CPU
		{14550EF0-7C87-42E0-82BC-E62D8D1069E9}.Debug|Any CPU.Build.0 = Debug|Any CPU
		{14550EF0-7C87-42E0-82BC-E62D8D1069E9}.DebugLocal|Any CPU.ActiveCfg = Debug|Any CPU
		{14550EF0-7C87-42E0-82BC-E62D8D1069E9}.DebugLocal|Any CPU.Build.0 = Debug|Any CPU
		{14550EF0-7C87-42E0-82BC-E62D8D1069E9}.Release|Any CPU.ActiveCfg = Release|Any CPU
		{14550EF0-7C87-42E0-82BC-E62D8D1069E9}.Release|Any CPU.Build.0 = Release|Any CPU
		{5F2A989F-D7CC-4C4C-AF09-127DD3E26CFC}.Debug|Any CPU.ActiveCfg = Debug|Any CPU
		{5F2A989F-D7CC-4C4C-AF09-127DD3E26CFC}.Debug|Any CPU.Build.0 = Debug|Any CPU
		{5F2A989F-D7CC-4C4C-AF09-127DD3E26CFC}.Debug|Any CPU.Deploy.0 = Debug|Any CPU
		{5F2A989F-D7CC-4C4C-AF09-127DD3E26CFC}.DebugLocal|Any CPU.ActiveCfg = Debug|Any CPU
		{5F2A989F-D7CC-4C4C-AF09-127DD3E26CFC}.DebugLocal|Any CPU.Build.0 = Debug|Any CPU
		{5F2A989F-D7CC-4C4C-AF09-127DD3E26CFC}.DebugLocal|Any CPU.Deploy.0 = Debug|Any CPU
		{5F2A989F-D7CC-4C4C-AF09-127DD3E26CFC}.Release|Any CPU.ActiveCfg = Release|Any CPU
		{5F2A989F-D7CC-4C4C-AF09-127DD3E26CFC}.Release|Any CPU.Build.0 = Release|Any CPU
		{5F2A989F-D7CC-4C4C-AF09-127DD3E26CFC}.Release|Any CPU.Deploy.0 = Release|Any CPU
		{08DEFE3B-451C-449B-966C-51BFDF442A14}.Debug|Any CPU.ActiveCfg = Debug
		{08DEFE3B-451C-449B-966C-51BFDF442A14}.Debug|Any CPU.Build.0 = Debug
		{08DEFE3B-451C-449B-966C-51BFDF442A14}.Debug|Any CPU.Deploy.0 = Debug
		{08DEFE3B-451C-449B-966C-51BFDF442A14}.DebugLocal|Any CPU.ActiveCfg = DebugLocal
		{08DEFE3B-451C-449B-966C-51BFDF442A14}.DebugLocal|Any CPU.Build.0 = DebugLocal
		{08DEFE3B-451C-449B-966C-51BFDF442A14}.DebugLocal|Any CPU.Deploy.0 = DebugLocal
		{08DEFE3B-451C-449B-966C-51BFDF442A14}.Release|Any CPU.ActiveCfg = Release
		{08DEFE3B-451C-449B-966C-51BFDF442A14}.Release|Any CPU.Build.0 = Release
		{08DEFE3B-451C-449B-966C-51BFDF442A14}.Release|Any CPU.Deploy.0 = Release
	EndGlobalSection
	GlobalSection(SolutionProperties) = preSolution
		HideSolutionNode = FALSE
	EndGlobalSection
	GlobalSection(ExtensibilityGlobals) = postSolution
		SolutionGuid = {61A10755-5874-43FB-AE0D-6DC14DDD3FCA}
	EndGlobalSection
EndGlobal
